
Microsoft Visual Studio Solution File, Format Version 12.00
Project("{FAE04EC0-301F-11D3-BF4B-00C04F79EFBC}") = "RestaurantServer", "RestaurantServer\RestaurantServer.csproj", "{18622CF3-7992-417E-9B12-76F48F7E7509}"
EndProject
Project("{FAE04EC0-301F-11D3-BF4B-00C04F79EFBC}") = "Model", "Model\Model.csproj", "{8017F385-E0C3-4AAB-BA6C-D0FE9E6D91AD}"
EndProject
Project("{FAE04EC0-301F-11D3-BF4B-00C04F79EFBC}") = "Business", "Business\Business.csproj", "{4C77DA2B-2CC4-412D-AE32-C6A0CD027C39}"
EndProject
Project("{FAE04EC0-301F-11D3-BF4B-00C04F79EFBC}") = "Repository", "Repository\Repository.csproj", "{291E6AC8-78E4-49B9-B3EF-D2D05DC619C7}"
EndProject
Global
	GlobalSection(SolutionConfigurationPlatforms) = preSolution
		Debug|Any CPU = Debug|Any CPU
		Release|Any CPU = Release|Any CPU
	EndGlobalSection
	GlobalSection(ProjectConfigurationPlatforms) = postSolution
		{18622CF3-7992-417E-9B12-76F48F7E7509}.Debug|Any CPU.ActiveCfg = Debug|Any CPU
		{18622CF3-7992-417E-9B12-76F48F7E7509}.Debug|Any CPU.Build.0 = Debug|Any CPU
		{18622CF3-7992-417E-9B12-76F48F7E7509}.Release|Any CPU.ActiveCfg = Release|Any CPU
		{18622CF3-7992-417E-9B12-76F48F7E7509}.Release|Any CPU.Build.0 = Release|Any CPU
		{8017F385-E0C3-4AAB-BA6C-D0FE9E6D91AD}.Debug|Any CPU.ActiveCfg = Debug|Any CPU
		{8017F385-E0C3-4AAB-BA6C-D0FE9E6D91AD}.Debug|Any CPU.Build.0 = Debug|Any CPU
		{8017F385-E0C3-4AAB-BA6C-D0FE9E6D91AD}.Release|Any CPU.ActiveCfg = Release|Any CPU
		{8017F385-E0C3-4AAB-BA6C-D0FE9E6D91AD}.Release|Any CPU.Build.0 = Release|Any CPU
		{4C77DA2B-2CC4-412D-AE32-C6A0CD027C39}.Debug|Any CPU.ActiveCfg = Debug|Any CPU
		{4C77DA2B-2CC4-412D-AE32-C6A0CD027C39}.Debug|Any CPU.Build.0 = Debug|Any CPU
		{4C77DA2B-2CC4-412D-AE32-C6A0CD027C39}.Release|Any CPU.ActiveCfg = Release|Any CPU
		{4C77DA2B-2CC4-412D-AE32-C6A0CD027C39}.Release|Any CPU.Build.0 = Release|Any CPU
		{291E6AC8-78E4-49B9-B3EF-D2D05DC619C7}.Debug|Any CPU.ActiveCfg = Debug|Any CPU
		{291E6AC8-78E4-49B9-B3EF-D2D05DC619C7}.Debug|Any CPU.Build.0 = Debug|Any CPU
		{291E6AC8-78E4-49B9-B3EF-D2D05DC619C7}.Release|Any CPU.ActiveCfg = Release|Any CPU
		{291E6AC8-78E4-49B9-B3EF-D2D05DC619C7}.Release|Any CPU.Build.0 = Release|Any CPU
	EndGlobalSection
EndGlobal
